
Microsoft Visual Studio Solution File, Format Version 12.00
Project("{FAE04EC0-301F-11D3-BF4B-00C04F79EFBC}") = "WhisperBot", "WhisperBot\WhisperBot.csproj", "{6ECD9FBB-AB12-43A8-9B3A-48952D9A640A}"
EndProject
Project("{2150E333-8FDC-42A3-9474-1A3956D46DE8}") = "Solution Items", "Solution Items", "{F52EE89E-90C7-44DF-8199-71635438F67F}"
	ProjectSection(SolutionItems) = preProject
		docker-compose.yml = docker-compose.yml
	EndProjectSection
EndProject
Global
	GlobalSection(SolutionConfigurationPlatforms) = preSolution
		Debug|Any CPU = Debug|Any CPU
		Release|Any CPU = Release|Any CPU
	EndGlobalSection
	GlobalSection(ProjectConfigurationPlatforms) = postSolution
		{6ECD9FBB-AB12-43A8-9B3A-48952D9A640A}.Debug|Any CPU.ActiveCfg = Debug|Any CPU
		{6ECD9FBB-AB12-43A8-9B3A-48952D9A640A}.Debug|Any CPU.Build.0 = Debug|Any CPU
		{6ECD9FBB-AB12-43A8-9B3A-48952D9A640A}.Release|Any CPU.ActiveCfg = Release|Any CPU
		{6ECD9FBB-AB12-43A8-9B3A-48952D9A640A}.Release|Any CPU.Build.0 = Release|Any CPU
	EndGlobalSection
EndGlobal
